// !$*UTF8*$!
{
	archiveVersion = 1;
	classes = {
	};
	objectVersion = 50;
	objects = {

/* Begin PBXBuildFile section */
		CEBE72A022830F09000D3C04 /* AppDelegate.swift in Sources */ = {isa = PBXBuildFile; fileRef = CEBE729F22830F09000D3C04 /* AppDelegate.swift */; };
		CEBE72A222830F09000D3C04 /* ViewController.swift in Sources */ = {isa = PBXBuildFile; fileRef = CEBE72A122830F09000D3C04 /* ViewController.swift */; };
		CEBE72A522830F09000D3C04 /* Main.storyboard in Resources */ = {isa = PBXBuildFile; fileRef = CEBE72A322830F09000D3C04 /* Main.storyboard */; };
		CEBE72A822830F09000D3C04 /* BasicCoreData.xcdatamodeld in Sources */ = {isa = PBXBuildFile; fileRef = CEBE72A622830F09000D3C04 /* BasicCoreData.xcdatamodeld */; };
		CEBE72AA22830F0A000D3C04 /* Assets.xcassets in Resources */ = {isa = PBXBuildFile; fileRef = CEBE72A922830F0A000D3C04 /* Assets.xcassets */; };
		CEBE72AD22830F0A000D3C04 /* LaunchScreen.storyboard in Resources */ = {isa = PBXBuildFile; fileRef = CEBE72AB22830F0A000D3C04 /* LaunchScreen.storyboard */; };
		CEBE72B822830F0A000D3C04 /* BasicCoreDataTests.swift in Sources */ = {isa = PBXBuildFile; fileRef = CEBE72B722830F0A000D3C04 /* BasicCoreDataTests.swift */; };
		CEBE72C322830F0A000D3C04 /* BasicCoreDataUITests.swift in Sources */ = {isa = PBXBuildFile; fileRef = CEBE72C222830F0A000D3C04 /* BasicCoreDataUITests.swift */; };
		CEBE72D122830FD0000D3C04 /* MasterTableViewCell.swift in Sources */ = {isa = PBXBuildFile; fileRef = CEBE72D022830FD0000D3C04 /* MasterTableViewCell.swift */; };
		CEBE72D322830FF0000D3C04 /* MasterTableViewController.swift in Sources */ = {isa = PBXBuildFile; fileRef = CEBE72D222830FF0000D3C04 /* MasterTableViewController.swift */; };
		CEBE72D6228315E6000D3C04 /* UIView + Extention.swift in Sources */ = {isa = PBXBuildFile; fileRef = CEBE72D5228315E6000D3C04 /* UIView + Extention.swift */; };
/* End PBXBuildFile section */

/* Begin PBXContainerItemProxy section */
		CEBE72B422830F0A000D3C04 /* PBXContainerItemProxy */ = {
			isa = PBXContainerItemProxy;
			containerPortal = CEBE729422830F08000D3C04 /* Project object */;
			proxyType = 1;
			remoteGlobalIDString = CEBE729B22830F09000D3C04;
			remoteInfo = BasicCoreData;
		};
		CEBE72BF22830F0A000D3C04 /* PBXContainerItemProxy */ = {
			isa = PBXContainerItemProxy;
			containerPortal = CEBE729422830F08000D3C04 /* Project object */;
			proxyType = 1;
			remoteGlobalIDString = CEBE729B22830F09000D3C04;
			remoteInfo = BasicCoreData;
		};
/* End PBXContainerItemProxy section */

/* Begin PBXFileReference section */
		CEBE729C22830F09000D3C04 /* BasicCoreData.app */ = {isa = PBXFileReference; explicitFileType = wrapper.application; includeInIndex = 0; path = BasicCoreData.app; sourceTree = BUILT_PRODUCTS_DIR; };
		CEBE729F22830F09000D3C04 /* AppDelegate.swift */ = {isa = PBXFileReference; lastKnownFileType = sourcecode.swift; path = AppDelegate.swift; sourceTree = "<group>"; };
		CEBE72A122830F09000D3C04 /* ViewController.swift */ = {isa = PBXFileReference; lastKnownFileType = sourcecode.swift; path = ViewController.swift; sourceTree = "<group>"; };
		CEBE72A422830F09000D3C04 /* Base */ = {isa = PBXFileReference; lastKnownFileType = file.storyboard; name = Base; path = Base.lproj/Main.storyboard; sourceTree = "<group>"; };
		CEBE72A722830F09000D3C04 /* BasicCoreData.xcdatamodel */ = {isa = PBXFileReference; lastKnownFileType = wrapper.xcdatamodel; path = BasicCoreData.xcdatamodel; sourceTree = "<group>"; };
		CEBE72A922830F0A000D3C04 /* Assets.xcassets */ = {isa = PBXFileReference; lastKnownFileType = folder.assetcatalog; path = Assets.xcassets; sourceTree = "<group>"; };
		CEBE72AC22830F0A000D3C04 /* Base */ = {isa = PBXFileReference; lastKnownFileType = file.storyboard; name = Base; path = Base.lproj/LaunchScreen.storyboard; sourceTree = "<group>"; };
		CEBE72AE22830F0A000D3C04 /* Info.plist */ = {isa = PBXFileReference; lastKnownFileType = text.plist.xml; path = Info.plist; sourceTree = "<group>"; };
		CEBE72B322830F0A000D3C04 /* BasicCoreDataTests.xctest */ = {isa = PBXFileReference; explicitFileType = wrapper.cfbundle; includeInIndex = 0; path = BasicCoreDataTests.xctest; sourceTree = BUILT_PRODUCTS_DIR; };
		CEBE72B722830F0A000D3C04 /* BasicCoreDataTests.swift */ = {isa = PBXFileReference; lastKnownFileType = sourcecode.swift; path = BasicCoreDataTests.swift; sourceTree = "<group>"; };
		CEBE72B922830F0A000D3C04 /* Info.plist */ = {isa = PBXFileReference; lastKnownFileType = text.plist.xml; path = Info.plist; sourceTree = "<group>"; };
		CEBE72BE22830F0A000D3C04 /* BasicCoreDataUITests.xctest */ = {isa = PBXFileReference; explicitFileType = wrapper.cfbundle; includeInIndex = 0; path = BasicCoreDataUITests.xctest; sourceTree = BUILT_PRODUCTS_DIR; };
		CEBE72C222830F0A000D3C04 /* BasicCoreDataUITests.swift */ = {isa = PBXFileReference; lastKnownFileType = sourcecode.swift; path = BasicCoreDataUITests.swift; sourceTree = "<group>"; };
		CEBE72C422830F0B000D3C04 /* Info.plist */ = {isa = PBXFileReference; lastKnownFileType = text.plist.xml; path = Info.plist; sourceTree = "<group>"; };
		CEBE72D022830FD0000D3C04 /* MasterTableViewCell.swift */ = {isa = PBXFileReference; lastKnownFileType = sourcecode.swift; path = MasterTableViewCell.swift; sourceTree = "<group>"; };
		CEBE72D222830FF0000D3C04 /* MasterTableViewController.swift */ = {isa = PBXFileReference; lastKnownFileType = sourcecode.swift; path = MasterTableViewController.swift; sourceTree = "<group>"; };
		CEBE72D5228315E6000D3C04 /* UIView + Extention.swift */ = {isa = PBXFileReference; lastKnownFileType = sourcecode.swift; path = "UIView + Extention.swift"; sourceTree = "<group>"; };
/* End PBXFileReference section */

/* Begin PBXFrameworksBuildPhase section */
		CEBE729922830F09000D3C04 /* Frameworks */ = {
			isa = PBXFrameworksBuildPhase;
			buildActionMask = 2147483647;
			files = (
			);
			runOnlyForDeploymentPostprocessing = 0;
		};
		CEBE72B022830F0A000D3C04 /* Frameworks */ = {
			isa = PBXFrameworksBuildPhase;
			buildActionMask = 2147483647;
			files = (
			);
			runOnlyForDeploymentPostprocessing = 0;
		};
		CEBE72BB22830F0A000D3C04 /* Frameworks */ = {
			isa = PBXFrameworksBuildPhase;
			buildActionMask = 2147483647;
			files = (
			);
			runOnlyForDeploymentPostprocessing = 0;
		};
/* End PBXFrameworksBuildPhase section */

/* Begin PBXGroup section */
		CEBE729322830F08000D3C04 = {
			isa = PBXGroup;
			children = (
				CEBE729E22830F09000D3C04 /* BasicCoreData */,
				CEBE72B622830F0A000D3C04 /* BasicCoreDataTests */,
				CEBE72C122830F0A000D3C04 /* BasicCoreDataUITests */,
				CEBE729D22830F09000D3C04 /* Products */,
			);
			sourceTree = "<group>";
		};
		CEBE729D22830F09000D3C04 /* Products */ = {
			isa = PBXGroup;
			children = (
				CEBE729C22830F09000D3C04 /* BasicCoreData.app */,
				CEBE72B322830F0A000D3C04 /* BasicCoreDataTests.xctest */,
				CEBE72BE22830F0A000D3C04 /* BasicCoreDataUITests.xctest */,
			);
			name = Products;
			sourceTree = "<group>";
		};
		CEBE729E22830F09000D3C04 /* BasicCoreData */ = {
			isa = PBXGroup;
			children = (
				CEBE729F22830F09000D3C04 /* AppDelegate.swift */,
				CEBE72A122830F09000D3C04 /* ViewController.swift */,
				CEBE72D022830FD0000D3C04 /* MasterTableViewCell.swift */,
				CEBE72D222830FF0000D3C04 /* MasterTableViewController.swift */,
				CEBE72D4228315C9000D3C04 /* Suport File */,
				CEBE72A322830F09000D3C04 /* Main.storyboard */,
				CEBE72A922830F0A000D3C04 /* Assets.xcassets */,
				CEBE72AB22830F0A000D3C04 /* LaunchScreen.storyboard */,
				CEBE72AE22830F0A000D3C04 /* Info.plist */,
				CEBE72A622830F09000D3C04 /* BasicCoreData.xcdatamodeld */,
			);
			path = BasicCoreData;
			sourceTree = "<group>";
		};
		CEBE72B622830F0A000D3C04 /* BasicCoreDataTests */ = {
			isa = PBXGroup;
			children = (
				CEBE72B722830F0A000D3C04 /* BasicCoreDataTests.swift */,
				CEBE72B922830F0A000D3C04 /* Info.plist */,
			);
			path = BasicCoreDataTests;
			sourceTree = "<group>";
		};
		CEBE72C122830F0A000D3C04 /* BasicCoreDataUITests */ = {
			isa = PBXGroup;
			children = (
				CEBE72C222830F0A000D3C04 /* BasicCoreDataUITests.swift */,
				CEBE72C422830F0B000D3C04 /* Info.plist */,
			);
			path = BasicCoreDataUITests;
			sourceTree = "<group>";
		};
		CEBE72D4228315C9000D3C04 /* Suport File */ = {
			isa = PBXGroup;
			children = (
				CEBE72D5228315E6000D3C04 /* UIView + Extention.swift */,
			);
			name = "Suport File";
			sourceTree = "<group>";
		};
/* End PBXGroup section */

/* Begin PBXNativeTarget section */
		CEBE729B22830F09000D3C04 /* BasicCoreData */ = {
			isa = PBXNativeTarget;
			buildConfigurationList = CEBE72C722830F0B000D3C04 /* Build configuration list for PBXNativeTarget "BasicCoreData" */;
			buildPhases = (
				CEBE729822830F09000D3C04 /* Sources */,
				CEBE729922830F09000D3C04 /* Frameworks */,
				CEBE729A22830F09000D3C04 /* Resources */,
			);
			buildRules = (
			);
			dependencies = (
			);
			name = BasicCoreData;
			productName = BasicCoreData;
			productReference = CEBE729C22830F09000D3C04 /* BasicCoreData.app */;
			productType = "com.apple.product-type.application";
		};
		CEBE72B222830F0A000D3C04 /* BasicCoreDataTests */ = {
			isa = PBXNativeTarget;
			buildConfigurationList = CEBE72CA22830F0B000D3C04 /* Build configuration list for PBXNativeTarget "BasicCoreDataTests" */;
			buildPhases = (
				CEBE72AF22830F0A000D3C04 /* Sources */,
				CEBE72B022830F0A000D3C04 /* Frameworks */,
				CEBE72B122830F0A000D3C04 /* Resources */,
			);
			buildRules = (
			);
			dependencies = (
				CEBE72B522830F0A000D3C04 /* PBXTargetDependency */,
			);
			name = BasicCoreDataTests;
			productName = BasicCoreDataTests;
			productReference = CEBE72B322830F0A000D3C04 /* BasicCoreDataTests.xctest */;
			productType = "com.apple.product-type.bundle.unit-test";
		};
		CEBE72BD22830F0A000D3C04 /* BasicCoreDataUITests */ = {
			isa = PBXNativeTarget;
			buildConfigurationList = CEBE72CD22830F0B000D3C04 /* Build configuration list for PBXNativeTarget "BasicCoreDataUITests" */;
			buildPhases = (
				CEBE72BA22830F0A000D3C04 /* Sources */,
				CEBE72BB22830F0A000D3C04 /* Frameworks */,
				CEBE72BC22830F0A000D3C04 /* Resources */,
			);
			buildRules = (
			);
			dependencies = (
				CEBE72C022830F0A000D3C04 /* PBXTargetDependency */,
			);
			name = BasicCoreDataUITests;
			productName = BasicCoreDataUITests;
			productReference = CEBE72BE22830F0A000D3C04 /* BasicCoreDataUITests.xctest */;
			productType = "com.apple.product-type.bundle.ui-testing";
		};
/* End PBXNativeTarget section */

/* Begin PBXProject section */
		CEBE729422830F08000D3C04 /* Project object */ = {
			isa = PBXProject;
			attributes = {
				LastSwiftUpdateCheck = 1000;
				LastUpgradeCheck = 1000;
				ORGANIZATIONNAME = duycuong;
				TargetAttributes = {
					CEBE729B22830F09000D3C04 = {
						CreatedOnToolsVersion = 10.0;
					};
					CEBE72B222830F0A000D3C04 = {
						CreatedOnToolsVersion = 10.0;
						TestTargetID = CEBE729B22830F09000D3C04;
					};
					CEBE72BD22830F0A000D3C04 = {
						CreatedOnToolsVersion = 10.0;
						TestTargetID = CEBE729B22830F09000D3C04;
					};
				};
			};
			buildConfigurationList = CEBE729722830F08000D3C04 /* Build configuration list for PBXProject "BasicCoreData" */;
			compatibilityVersion = "Xcode 9.3";
			developmentRegion = en;
			hasScannedForEncodings = 0;
			knownRegions = (
				en,
				Base,
			);
			mainGroup = CEBE729322830F08000D3C04;
			productRefGroup = CEBE729D22830F09000D3C04 /* Products */;
			projectDirPath = "";
			projectRoot = "";
			targets = (
				CEBE729B22830F09000D3C04 /* BasicCoreData */,
				CEBE72B222830F0A000D3C04 /* BasicCoreDataTests */,
				CEBE72BD22830F0A000D3C04 /* BasicCoreDataUITests */,
			);
		};
/* End PBXProject section */

/* Begin PBXResourcesBuildPhase section */
		CEBE729A22830F09000D3C04 /* Resources */ = {
			isa = PBXResourcesBuildPhase;
			buildActionMask = 2147483647;
			files = (
				CEBE72AD22830F0A000D3C04 /* LaunchScreen.storyboard in Resources */,
				CEBE72AA22830F0A000D3C04 /* Assets.xcassets in Resources */,
				CEBE72A522830F09000D3C04 /* Main.storyboard in Resources */,
			);
			runOnlyForDeploymentPostprocessing = 0;
		};
		CEBE72B122830F0A000D3C04 /* Resources */ = {
			isa = PBXResourcesBuildPhase;
			buildActionMask = 2147483647;
			files = (
			);
			runOnlyForDeploymentPostprocessing = 0;
		};
		CEBE72BC22830F0A000D3C04 /* Resources */ = {
			isa = PBXResourcesBuildPhase;
			buildActionMask = 2147483647;
			files = (
			);
			runOnlyForDeploymentPostprocessing = 0;
		};
/* End PBXResourcesBuildPhase section */

/* Begin PBXSourcesBuildPhase section */
		CEBE729822830F09000D3C04 /* Sources */ = {
			isa = PBXSourcesBuildPhase;
			buildActionMask = 2147483647;
			files = (
				CEBE72A822830F09000D3C04 /* BasicCoreData.xcdatamodeld in Sources */,
				CEBE72D6228315E6000D3C04 /* UIView + Extention.swift in Sources */,
				CEBE72D122830FD0000D3C04 /* MasterTableViewCell.swift in Sources */,
				CEBE72A222830F09000D3C04 /* ViewController.swift in Sources */,
				CEBE72D322830FF0000D3C04 /* MasterTableViewController.swift in Sources */,
				CEBE72A022830F09000D3C04 /* AppDelegate.swift in Sources */,
			);
			runOnlyForDeploymentPostprocessing = 0;
		};
		CEBE72AF22830F0A000D3C04 /* Sources */ = {
			isa = PBXSourcesBuildPhase;
			buildActionMask = 2147483647;
			files = (
				CEBE72B822830F0A000D3C04 /* BasicCoreDataTests.swift in Sources */,
			);
			runOnlyForDeploymentPostprocessing = 0;
		};
		CEBE72BA22830F0A000D3C04 /* Sources */ = {
			isa = PBXSourcesBuildPhase;
			buildActionMask = 2147483647;
			files = (
				CEBE72C322830F0A000D3C04 /* BasicCoreDataUITests.swift in Sources */,
			);
			runOnlyForDeploymentPostprocessing = 0;
		};
/* End PBXSourcesBuildPhase section */

/* Begin PBXTargetDependency section */
		CEBE72B522830F0A000D3C04 /* PBXTargetDependency */ = {
			isa = PBXTargetDependency;
			target = CEBE729B22830F09000D3C04 /* BasicCoreData */;
			targetProxy = CEBE72B422830F0A000D3C04 /* PBXContainerItemProxy */;
		};
		CEBE72C022830F0A000D3C04 /* PBXTargetDependency */ = {
			isa = PBXTargetDependency;
			target = CEBE729B22830F09000D3C04 /* BasicCoreData */;
			targetProxy = CEBE72BF22830F0A000D3C04 /* PBXContainerItemProxy */;
		};
/* End PBXTargetDependency section */

/* Begin PBXVariantGroup section */
		CEBE72A322830F09000D3C04 /* Main.storyboard */ = {
			isa = PBXVariantGroup;
			children = (
				CEBE72A422830F09000D3C04 /* Base */,
			);
			name = Main.storyboard;
			sourceTree = "<group>";
		};
		CEBE72AB22830F0A000D3C04 /* LaunchScreen.storyboard */ = {
			isa = PBXVariantGroup;
			children = (
				CEBE72AC22830F0A000D3C04 /* Base */,
			);
			name = LaunchScreen.storyboard;
			sourceTree = "<group>";
		};
/* End PBXVariantGroup section */

/* Begin XCBuildConfiguration section */
		CEBE72C522830F0B000D3C04 /* Debug */ = {
			isa = XCBuildConfiguration;
			buildSettings = {
				ALWAYS_SEARCH_USER_PATHS = NO;
				CLANG_ANALYZER_NONNULL = YES;
				CLANG_ANALYZER_NUMBER_OBJECT_CONVERSION = YES_AGGRESSIVE;
				CLANG_CXX_LANGUAGE_STANDARD = "gnu++14";
				CLANG_CXX_LIBRARY = "libc++";
				CLANG_ENABLE_MODULES = YES;
				CLANG_ENABLE_OBJC_ARC = YES;
				CLANG_ENABLE_OBJC_WEAK = YES;
				CLANG_WARN_BLOCK_CAPTURE_AUTORELEASING = YES;
				CLANG_WARN_BOOL_CONVERSION = YES;
				CLANG_WARN_COMMA = YES;
				CLANG_WARN_CONSTANT_CONVERSION = YES;
				CLANG_WARN_DEPRECATED_OBJC_IMPLEMENTATIONS = YES;
				CLANG_WARN_DIRECT_OBJC_ISA_USAGE = YES_ERROR;
				CLANG_WARN_DOCUMENTATION_COMMENTS = YES;
				CLANG_WARN_EMPTY_BODY = YES;
				CLANG_WARN_ENUM_CONVERSION = YES;
				CLANG_WARN_INFINITE_RECURSION = YES;
				CLANG_WARN_INT_CONVERSION = YES;
				CLANG_WARN_NON_LITERAL_NULL_CONVERSION = YES;
				CLANG_WARN_OBJC_IMPLICIT_RETAIN_SELF = YES;
				CLANG_WARN_OBJC_LITERAL_CONVERSION = YES;
				CLANG_WARN_OBJC_ROOT_CLASS = YES_ERROR;
				CLANG_WARN_RANGE_LOOP_ANALYSIS = YES;
				CLANG_WARN_STRICT_PROTOTYPES = YES;
				CLANG_WARN_SUSPICIOUS_MOVE = YES;
				CLANG_WARN_UNGUARDED_AVAILABILITY = YES_AGGRESSIVE;
				CLANG_WARN_UNREACHABLE_CODE = YES;
				CLANG_WARN__DUPLICATE_METHOD_MATCH = YES;
				CODE_SIGN_IDENTITY = "iPhone Developer";
				COPY_PHASE_STRIP = NO;
				DEBUG_INFORMATION_FORMAT = dwarf;
				ENABLE_STRICT_OBJC_MSGSEND = YES;
				ENABLE_TESTABILITY = YES;
				GCC_C_LANGUAGE_STANDARD = gnu11;
				GCC_DYNAMIC_NO_PIC = NO;
				GCC_NO_COMMON_BLOCKS = YES;
				GCC_OPTIMIZATION_LEVEL = 0;
				GCC_PREPROCESSOR_DEFINITIONS = (
					"DEBUG=1",
					"$(inherited)",
				);
				GCC_WARN_64_TO_32_BIT_CONVERSION = YES;
				GCC_WARN_ABOUT_RETURN_TYPE = YES_ERROR;
				GCC_WARN_UNDECLARED_SELECTOR = YES;
				GCC_WARN_UNINITIALIZED_AUTOS = YES_AGGRESSIVE;
				GCC_WARN_UNUSED_FUNCTION = YES;
				GCC_WARN_UNUSED_VARIABLE = YES;
				IPHONEOS_DEPLOYMENT_TARGET = 12.0;
				MTL_ENABLE_DEBUG_INFO = INCLUDE_SOURCE;
				MTL_FAST_MATH = YES;
				ONLY_ACTIVE_ARCH = YES;
				SDKROOT = iphoneos;
				SWIFT_ACTIVE_COMPILATION_CONDITIONS = DEBUG;
				SWIFT_OPTIMIZATION_LEVEL = "-Onone";
			};
			name = Debug;
		};
		CEBE72C622830F0B000D3C04 /* Release */ = {
			isa = XCBuildConfiguration;
			buildSettings = {
				ALWAYS_SEARCH_USER_PATHS = NO;
				CLANG_ANALYZER_NONNULL = YES;
				CLANG_ANALYZER_NUMBER_OBJECT_CONVERSION = YES_AGGRESSIVE;
				CLANG_CXX_LANGUAGE_STANDARD = "gnu++14";
				CLANG_CXX_LIBRARY = "libc++";
				CLANG_ENABLE_MODULES = YES;
				CLANG_ENABLE_OBJC_ARC = YES;
				CLANG_ENABLE_OBJC_WEAK = YES;
				CLANG_WARN_BLOCK_CAPTURE_AUTORELEASING = YES;
				CLANG_WARN_BOOL_CONVERSION = YES;
				CLANG_WARN_COMMA = YES;
				CLANG_WARN_CONSTANT_CONVERSION = YES;
				CLANG_WARN_DEPRECATED_OBJC_IMPLEMENTATIONS = YES;
				CLANG_WARN_DIRECT_OBJC_ISA_USAGE = YES_ERROR;
				CLANG_WARN_DOCUMENTATION_COMMENTS = YES;
				CLANG_WARN_EMPTY_BODY = YES;
				CLANG_WARN_ENUM_CONVERSION = YES;
				CLANG_WARN_INFINITE_RECURSION = YES;
				CLANG_WARN_INT_CONVERSION = YES;
				CLANG_WARN_NON_LITERAL_NULL_CONVERSION = YES;
				CLANG_WARN_OBJC_IMPLICIT_RETAIN_SELF = YES;
				CLANG_WARN_OBJC_LITERAL_CONVERSION = YES;
				CLANG_WARN_OBJC_ROOT_CLASS = YES_ERROR;
				CLANG_WARN_RANGE_LOOP_ANALYSIS = YES;
				CLANG_WARN_STRICT_PROTOTYPES = YES;
				CLANG_WARN_SUSPICIOUS_MOVE = YES;
				CLANG_WARN_UNGUARDED_AVAILABILITY = YES_AGGRESSIVE;
				CLANG_WARN_UNREACHABLE_CODE = YES;
				CLANG_WARN__DUPLICATE_METHOD_MATCH = YES;
				CODE_SIGN_IDENTITY = "iPhone Developer";
				COPY_PHASE_STRIP = NO;
				DEBUG_INFORMATION_FORMAT = "dwarf-with-dsym";
				ENABLE_NS_ASSERTIONS = NO;
				ENABLE_STRICT_OBJC_MSGSEND = YES;
				GCC_C_LANGUAGE_STANDARD = gnu11;
				GCC_NO_COMMON_BLOCKS = YES;
				GCC_WARN_64_TO_32_BIT_CONVERSION = YES;
				GCC_WARN_ABOUT_RETURN_TYPE = YES_ERROR;
				GCC_WARN_UNDECLARED_SELECTOR = YES;
				GCC_WARN_UNINITIALIZED_AUTOS = YES_AGGRESSIVE;
				GCC_WARN_UNUSED_FUNCTION = YES;
				GCC_WARN_UNUSED_VARIABLE = YES;
				IPHONEOS_DEPLOYMENT_TARGET = 12.0;
				MTL_ENABLE_DEBUG_INFO = NO;
				MTL_FAST_MATH = YES;
				SDKROOT = iphoneos;
				SWIFT_COMPILATION_MODE = wholemodule;
				SWIFT_OPTIMIZATION_LEVEL = "-O";
				VALIDATE_PRODUCT = YES;
			};
			name = Release;
		};
		CEBE72C822830F0B000D3C04 /* Debug */ = {
			isa = XCBuildConfiguration;
			buildSettings = {
				ASSETCATALOG_COMPILER_APPICON_NAME = AppIcon;
				CODE_SIGN_STYLE = Automatic;
				INFOPLIST_FILE = BasicCoreData/Info.plist;
				LD_RUNPATH_SEARCH_PATHS = (
					"$(inherited)",
					"@executable_path/Frameworks",
				);
				PRODUCT_BUNDLE_IDENTIFIER = duycuongB0.BasicCoreData;
				PRODUCT_NAME = "$(TARGET_NAME)";
				SWIFT_VERSION = 4.2;
				TARGETED_DEVICE_FAMILY = "1,2";
			};
			name = Debug;
		};
		CEBE72C922830F0B000D3C04 /* Release */ = {
			isa = XCBuildConfiguration;
			buildSettings = {
				ASSETCATALOG_COMPILER_APPICON_NAME = AppIcon;
				CODE_SIGN_STYLE = Automatic;
				INFOPLIST_FILE = BasicCoreData/Info.plist;
				LD_RUNPATH_SEARCH_PATHS = (
					"$(inherited)",
					"@executable_path/Frameworks",
				);
				PRODUCT_BUNDLE_IDENTIFIER = duycuongB0.BasicCoreData;
				PRODUCT_NAME = "$(TARGET_NAME)";
				SWIFT_VERSION = 4.2;
				TARGETED_DEVICE_FAMILY = "1,2";
			};
			name = Release;
		};
		CEBE72CB22830F0B000D3C04 /* Debug */ = {
			isa = XCBuildConfiguration;
			buildSettings = {
				ALWAYS_EMBED_SWIFT_STANDARD_LIBRARIES = YES;
				BUNDLE_LOADER = "$(TEST_HOST)";
				CODE_SIGN_STYLE = Automatic;
				INFOPLIST_FILE = BasicCoreDataTests/Info.plist;
				LD_RUNPATH_SEARCH_PATHS = (
					"$(inherited)",
					"@executable_path/Frameworks",
					"@loader_path/Frameworks",
				);
				PRODUCT_BUNDLE_IDENTIFIER = duycuongB0.BasicCoreDataTests;
				PRODUCT_NAME = "$(TARGET_NAME)";
				SWIFT_VERSION = 4.2;
				TARGETED_DEVICE_FAMILY = "1,2";
				TEST_HOST = "$(BUILT_PRODUCTS_DIR)/BasicCoreData.app/BasicCoreData";
			};
			name = Debug;
		};
		CEBE72CC22830F0B000D3C04 /* Release */ = {
			isa = XCBuildConfiguration;
			buildSettings = {
				ALWAYS_EMBED_SWIFT_STANDARD_LIBRARIES = YES;
				BUNDLE_LOADER = "$(TEST_HOST)";
				CODE_SIGN_STYLE = Automatic;
				INFOPLIST_FILE = BasicCoreDataTests/Info.plist;
				LD_RUNPATH_SEARCH_PATHS = (
					"$(inherited)",
					"@executable_path/Frameworks",
					"@loader_path/Frameworks",
				);
				PRODUCT_BUNDLE_IDENTIFIER = duycuongB0.BasicCoreDataTests;
				PRODUCT_NAME = "$(TARGET_NAME)";
				SWIFT_VERSION = 4.2;
				TARGETED_DEVICE_FAMILY = "1,2";
				TEST_HOST = "$(BUILT_PRODUCTS_DIR)/BasicCoreData.app/BasicCoreData";
			};
			name = Release;
		};
		CEBE72CE22830F0B000D3C04 /* Debug */ = {
			isa = XCBuildConfiguration;
			buildSettings = {
				ALWAYS_EMBED_SWIFT_STANDARD_LIBRARIES = YES;
				CODE_SIGN_STYLE = Automatic;
				INFOPLIST_FILE = BasicCoreDataUITests/Info.plist;
				LD_RUNPATH_SEARCH_PATHS = (
					"$(inherited)",
					"@executable_path/Frameworks",
					"@loader_path/Frameworks",
				);
				PRODUCT_BUNDLE_IDENTIFIER = duycuongB0.BasicCoreDataUITests;
				PRODUCT_NAME = "$(TARGET_NAME)";
				SWIFT_VERSION = 4.2;
				TARGETED_DEVICE_FAMILY = "1,2";
				TEST_TARGET_NAME = BasicCoreData;
			};
			name = Debug;
		};
		CEBE72CF22830F0B000D3C04 /* Release */ = {
			isa = XCBuildConfiguration;
			buildSettings = {
				ALWAYS_EMBED_SWIFT_STANDARD_LIBRARIES = YES;
				CODE_SIGN_STYLE = Automatic;
				INFOPLIST_FILE = BasicCoreDataUITests/Info.plist;
				LD_RUNPATH_SEARCH_PATHS = (
					"$(inherited)",
					"@executable_path/Frameworks",
					"@loader_path/Frameworks",
				);
				PRODUCT_BUNDLE_IDENTIFIER = duycuongB0.BasicCoreDataUITests;
				PRODUCT_NAME = "$(TARGET_NAME)";
				SWIFT_VERSION = 4.2;
				TARGETED_DEVICE_FAMILY = "1,2";
				TEST_TARGET_NAME = BasicCoreData;
			};
			name = Release;
		};
/* End XCBuildConfiguration section */

/* Begin XCConfigurationList section */
		CEBE729722830F08000D3C04 /* Build configuration list for PBXProject "BasicCoreData" */ = {
			isa = XCConfigurationList;
			buildConfigurations = (
				CEBE72C522830F0B000D3C04 /* Debug */,
				CEBE72C622830F0B000D3C04 /* Release */,
			);
			defaultConfigurationIsVisible = 0;
			defaultConfigurationName = Release;
		};
		CEBE72C722830F0B000D3C04 /* Build configuration list for PBXNativeTarget "BasicCoreData" */ = {
			isa = XCConfigurationList;
			buildConfigurations = (
				CEBE72C822830F0B000D3C04 /* Debug */,
				CEBE72C922830F0B000D3C04 /* Release */,
			);
			defaultConfigurationIsVisible = 0;
			defaultConfigurationName = Release;
		};
		CEBE72CA22830F0B000D3C04 /* Build configuration list for PBXNativeTarget "BasicCoreDataTests" */ = {
			isa = XCConfigurationList;
			buildConfigurations = (
				CEBE72CB22830F0B000D3C04 /* Debug */,
				CEBE72CC22830F0B000D3C04 /* Release */,
			);
			defaultConfigurationIsVisible = 0;
			defaultConfigurationName = Release;
		};
		CEBE72CD22830F0B000D3C04 /* Build configuration list for PBXNativeTarget "BasicCoreDataUITests" */ = {
			isa = XCConfigurationList;
			buildConfigurations = (
				CEBE72CE22830F0B000D3C04 /* Debug */,
				CEBE72CF22830F0B000D3C04 /* Release */,
			);
			defaultConfigurationIsVisible = 0;
			defaultConfigurationName = Release;
		};
/* End XCConfigurationList section */

/* Begin XCVersionGroup section */
		CEBE72A622830F09000D3C04 /* BasicCoreData.xcdatamodeld */ = {
			isa = XCVersionGroup;
			children = (
				CEBE72A722830F09000D3C04 /* BasicCoreData.xcdatamodel */,
			);
			currentVersion = CEBE72A722830F09000D3C04 /* BasicCoreData.xcdatamodel */;
			path = BasicCoreData.xcdatamodeld;
			sourceTree = "<group>";
			versionGroupType = wrapper.xcdatamodel;
		};
/* End XCVersionGroup section */
	};
	rootObject = CEBE729422830F08000D3C04 /* Project object */;
}
